
Microsoft Visual Studio Solution File, Format Version 12.00
# Visual Studio 15
VisualStudioVersion = 15.0.27428.2043
MinimumVisualStudioVersion = 10.0.40219.1
Project("{2150E333-8FDC-42A3-9474-1A3956D46DE8}") = "Solution Items", "Solution Items", "{3E9F182A-A20E-4631-A864-B5B8C06B2D69}"
	ProjectSection(SolutionItems) = preProject
		README.md = README.md
		REPORT.md = REPORT.md
	EndProjectSection
EndProject
Project("{8BC9CEB8-8B4A-11D0-8D11-00A0C91BC942}") = "StoneMoney", "StoneMoney\StoneMoney.vcxproj", "{D0AA8F60-0AFE-4F1C-B45A-3F4FD7B2C7CA}"
EndProject
Global
	GlobalSection(SolutionConfigurationPlatforms) = preSolution
		Debug|x64 = Debug|x64
		Debug|x86 = Debug|x86
		Release|x64 = Release|x64
		Release|x86 = Release|x86
	EndGlobalSection
	GlobalSection(ProjectConfigurationPlatforms) = postSolution
		{D0AA8F60-0AFE-4F1C-B45A-3F4FD7B2C7CA}.Debug|x64.ActiveCfg = Debug|x64
		{D0AA8F60-0AFE-4F1C-B45A-3F4FD7B2C7CA}.Debug|x64.Build.0 = Debug|x64
		{D0AA8F60-0AFE-4F1C-B45A-3F4FD7B2C7CA}.Debug|x86.ActiveCfg = Debug|Win32
		{D0AA8F60-0AFE-4F1C-B45A-3F4FD7B2C7CA}.Debug|x86.Build.0 = Debug|Win32
		{D0AA8F60-0AFE-4F1C-B45A-3F4FD7B2C7CA}.Release|x64.ActiveCfg = Release|x64
		{D0AA8F60-0AFE-4F1C-B45A-3F4FD7B2C7CA}.Release|x64.Build.0 = Release|x64
		{D0AA8F60-0AFE-4F1C-B45A-3F4FD7B2C7CA}.Release|x86.ActiveCfg = Release|Win32
		{D0AA8F60-0AFE-4F1C-B45A-3F4FD7B2C7CA}.Release|x86.Build.0 = Release|Win32
	EndGlobalSection
	GlobalSection(SolutionProperties) = preSolution
		HideSolutionNode = FALSE
	EndGlobalSection
	GlobalSection(ExtensibilityGlobals) = postSolution
		SolutionGuid = {07D2FE7C-F828-438D-B9DF-8BA49703AC75}
	EndGlobalSection
EndGlobal
