
Microsoft Visual Studio Solution File, Format Version 12.00
# Visual Studio 15
VisualStudioVersion = 15.0.27130.2027
MinimumVisualStudioVersion = 10.0.40219.1
Project("{8BC9CEB8-8B4A-11D0-8D11-00A0C91BC942}") = "CST136SRS03", "CST136SRS03\CST136SRS03.vcxproj", "{DEB12C81-6BDA-42DC-89B8-DF0EB265AE6E}"
EndProject
Project("{2150E333-8FDC-42A3-9474-1A3956D46DE8}") = "Solution Items", "Solution Items", "{55984E3C-1BD0-4870-B767-427EB92955EF}"
	ProjectSection(SolutionItems) = preProject
		..\REPORT.md = ..\REPORT.md
	EndProjectSection
EndProject
Global
	GlobalSection(SolutionConfigurationPlatforms) = preSolution
		Debug|x64 = Debug|x64
		Debug|x86 = Debug|x86
		Release|x64 = Release|x64
		Release|x86 = Release|x86
	EndGlobalSection
	GlobalSection(ProjectConfigurationPlatforms) = postSolution
		{DEB12C81-6BDA-42DC-89B8-DF0EB265AE6E}.Debug|x64.ActiveCfg = Debug|x64
		{DEB12C81-6BDA-42DC-89B8-DF0EB265AE6E}.Debug|x64.Build.0 = Debug|x64
		{DEB12C81-6BDA-42DC-89B8-DF0EB265AE6E}.Debug|x86.ActiveCfg = Debug|Win32
		{DEB12C81-6BDA-42DC-89B8-DF0EB265AE6E}.Debug|x86.Build.0 = Debug|Win32
		{DEB12C81-6BDA-42DC-89B8-DF0EB265AE6E}.Release|x64.ActiveCfg = Release|x64
		{DEB12C81-6BDA-42DC-89B8-DF0EB265AE6E}.Release|x64.Build.0 = Release|x64
		{DEB12C81-6BDA-42DC-89B8-DF0EB265AE6E}.Release|x86.ActiveCfg = Release|Win32
		{DEB12C81-6BDA-42DC-89B8-DF0EB265AE6E}.Release|x86.Build.0 = Release|Win32
	EndGlobalSection
	GlobalSection(SolutionProperties) = preSolution
		HideSolutionNode = FALSE
	EndGlobalSection
	GlobalSection(ExtensibilityGlobals) = postSolution
		SolutionGuid = {13CACB9F-500E-442C-AE3B-D3A92F60D29C}
	EndGlobalSection
EndGlobal
